
Microsoft Visual Studio Solution File, Format Version 12.00
# Visual Studio Version 17
VisualStudioVersion = 17.14.36202.13 d17.14
MinimumVisualStudioVersion = 10.0.40219.1
Project("{FAE04EC0-301F-11D3-BF4B-00C04F79EFBC}") = "ProyectoPeluqueriaApp", "ProyectoPeluqueriaApp.csproj", "{DBB50C48-6F68-44B7-8CEB-4442504C3472}"
EndProject
Global
	GlobalSection(SolutionConfigurationPlatforms) = preSolution
		Debug|Any CPU = Debug|Any CPU
		Release|Any CPU = Release|Any CPU
	EndGlobalSection
	GlobalSection(ProjectConfigurationPlatforms) = postSolution
		{DBB50C48-6F68-44B7-8CEB-4442504C3472}.Debug|Any CPU.ActiveCfg = Debug|Any CPU
		{DBB50C48-6F68-44B7-8CEB-4442504C3472}.Debug|Any CPU.Build.0 = Debug|Any CPU
		{DBB50C48-6F68-44B7-8CEB-4442504C3472}.Release|Any CPU.ActiveCfg = Release|Any CPU
		{DBB50C48-6F68-44B7-8CEB-4442504C3472}.Release|Any CPU.Build.0 = Release|Any CPU
	EndGlobalSection
	GlobalSection(SolutionProperties) = preSolution
		HideSolutionNode = FALSE
	EndGlobalSection
	GlobalSection(ExtensibilityGlobals) = postSolution
		SolutionGuid = {F5BA7DCD-4398-40AB-B5CF-297783E8302B}
	EndGlobalSection
EndGlobal
